// !$*UTF8*$!
{
	archiveVersion = 1;
	classes = {
	};
	objectVersion = 46;
	objects = {

/* Begin PBXBuildFile section */
		2987524F17948B4B0025BA4C /* UIKit.framework in Frameworks */ = {isa = PBXBuildFile; fileRef = 2987524E17948B4B0025BA4C /* UIKit.framework */; };
		2987525117948B4B0025BA4C /* Foundation.framework in Frameworks */ = {isa = PBXBuildFile; fileRef = 2987525017948B4B0025BA4C /* Foundation.framework */; };
		2987525317948B4B0025BA4C /* CoreGraphics.framework in Frameworks */ = {isa = PBXBuildFile; fileRef = 2987525217948B4B0025BA4C /* CoreGraphics.framework */; };
		2987525917948B4B0025BA4C /* InfoPlist.strings in Resources */ = {isa = PBXBuildFile; fileRef = 2987525717948B4B0025BA4C /* InfoPlist.strings */; };
		2987525B17948B4B0025BA4C /* main.m in Sources */ = {isa = PBXBuildFile; fileRef = 2987525A17948B4B0025BA4C /* main.m */; };
		2987525F17948B4B0025BA4C /* AppDelegate.m in Sources */ = {isa = PBXBuildFile; fileRef = 2987525E17948B4B0025BA4C /* AppDelegate.m */; };
		2987526117948B4B0025BA4C /* Default.png in Resources */ = {isa = PBXBuildFile; fileRef = 2987526017948B4B0025BA4C /* Default.png */; };
		2987526317948B4B0025BA4C /* Default@2x.png in Resources */ = {isa = PBXBuildFile; fileRef = 2987526217948B4B0025BA4C /* Default@2x.png */; };
		2987526517948B4B0025BA4C /* Default-568h@2x.png in Resources */ = {isa = PBXBuildFile; fileRef = 2987526417948B4B0025BA4C /* Default-568h@2x.png */; };
		2987526817948B4B0025BA4C /* MainStoryboard.storyboard in Resources */ = {isa = PBXBuildFile; fileRef = 2987526617948B4B0025BA4C /* MainStoryboard.storyboard */; };
		2987526B17948B4B0025BA4C /* ViewController.m in Sources */ = {isa = PBXBuildFile; fileRef = 2987526A17948B4B0025BA4C /* ViewController.m */; };
/* End PBXBuildFile section */

/* Begin PBXFileReference section */
		2987524B17948B4B0025BA4C /* CustomCalendar_V1.app */ = {isa = PBXFileReference; explicitFileType = wrapper.application; includeInIndex = 0; path = CustomCalendar_V1.app; sourceTree = BUILT_PRODUCTS_DIR; };
		2987524E17948B4B0025BA4C /* UIKit.framework */ = {isa = PBXFileReference; lastKnownFileType = wrapper.framework; name = UIKit.framework; path = System/Library/Frameworks/UIKit.framework; sourceTree = SDKROOT; };
		2987525017948B4B0025BA4C /* Foundation.framework */ = {isa = PBXFileReference; lastKnownFileType = wrapper.framework; name = Foundation.framework; path = System/Library/Frameworks/Foundation.framework; sourceTree = SDKROOT; };
		2987525217948B4B0025BA4C /* CoreGraphics.framework */ = {isa = PBXFileReference; lastKnownFileType = wrapper.framework; name = CoreGraphics.framework; path = System/Library/Frameworks/CoreGraphics.framework; sourceTree = SDKROOT; };
		2987525617948B4B0025BA4C /* CustomCalendar_V1-Info.plist */ = {isa = PBXFileReference; lastKnownFileType = text.plist.xml; path = "CustomCalendar_V1-Info.plist"; sourceTree = "<group>"; };
		2987525817948B4B0025BA4C /* en */ = {isa = PBXFileReference; lastKnownFileType = text.plist.strings; name = en; path = en.lproj/InfoPlist.strings; sourceTree = "<group>"; };
		2987525A17948B4B0025BA4C /* main.m */ = {isa = PBXFileReference; lastKnownFileType = sourcecode.c.objc; path = main.m; sourceTree = "<group>"; };
		2987525C17948B4B0025BA4C /* CustomCalendar_V1-Prefix.pch */ = {isa = PBXFileReference; lastKnownFileType = sourcecode.c.h; path = "CustomCalendar_V1-Prefix.pch"; sourceTree = "<group>"; };
		2987525D17948B4B0025BA4C /* AppDelegate.h */ = {isa = PBXFileReference; lastKnownFileType = sourcecode.c.h; path = AppDelegate.h; sourceTree = "<group>"; };
		2987525E17948B4B0025BA4C /* AppDelegate.m */ = {isa = PBXFileReference; lastKnownFileType = sourcecode.c.objc; path = AppDelegate.m; sourceTree = "<group>"; };
		2987526017948B4B0025BA4C /* Default.png */ = {isa = PBXFileReference; lastKnownFileType = image.png; path = Default.png; sourceTree = "<group>"; };
		2987526217948B4B0025BA4C /* Default@2x.png */ = {isa = PBXFileReference; lastKnownFileType = image.png; path = "Default@2x.png"; sourceTree = "<group>"; };
		2987526417948B4B0025BA4C /* Default-568h@2x.png */ = {isa = PBXFileReference; lastKnownFileType = image.png; path = "Default-568h@2x.png"; sourceTree = "<group>"; };
		2987526717948B4B0025BA4C /* en */ = {isa = PBXFileReference; lastKnownFileType = file.storyboard; name = en; path = en.lproj/MainStoryboard.storyboard; sourceTree = "<group>"; };
		2987526917948B4B0025BA4C /* ViewController.h */ = {isa = PBXFileReference; lastKnownFileType = sourcecode.c.h; path = ViewController.h; sourceTree = "<group>"; };
		2987526A17948B4B0025BA4C /* ViewController.m */ = {isa = PBXFileReference; lastKnownFileType = sourcecode.c.objc; path = ViewController.m; sourceTree = "<group>"; };
/* End PBXFileReference section */

/* Begin PBXFrameworksBuildPhase section */
		2987524817948B4B0025BA4C /* Frameworks */ = {
			isa = PBXFrameworksBuildPhase;
			buildActionMask = 2147483647;
			files = (
				2987524F17948B4B0025BA4C /* UIKit.framework in Frameworks */,
				2987525117948B4B0025BA4C /* Foundation.framework in Frameworks */,
				2987525317948B4B0025BA4C /* CoreGraphics.framework in Frameworks */,
			);
			runOnlyForDeploymentPostprocessing = 0;
		};
/* End PBXFrameworksBuildPhase section */

/* Begin PBXGroup section */
		2987524217948B4B0025BA4C = {
			isa = PBXGroup;
			children = (
				2987525417948B4B0025BA4C /* CustomCalendar_V1 */,
				2987524D17948B4B0025BA4C /* Frameworks */,
				2987524C17948B4B0025BA4C /* Products */,
			);
			sourceTree = "<group>";
		};
		2987524C17948B4B0025BA4C /* Products */ = {
			isa = PBXGroup;
			children = (
				2987524B17948B4B0025BA4C /* CustomCalendar_V1.app */,
			);
			name = Products;
			sourceTree = "<group>";
		};
		2987524D17948B4B0025BA4C /* Frameworks */ = {
			isa = PBXGroup;
			children = (
				2987524E17948B4B0025BA4C /* UIKit.framework */,
				2987525017948B4B0025BA4C /* Foundation.framework */,
				2987525217948B4B0025BA4C /* CoreGraphics.framework */,
			);
			name = Frameworks;
			sourceTree = "<group>";
		};
		2987525417948B4B0025BA4C /* CustomCalendar_V1 */ = {
			isa = PBXGroup;
			children = (
				2987525D17948B4B0025BA4C /* AppDelegate.h */,
				2987525E17948B4B0025BA4C /* AppDelegate.m */,
				2987526617948B4B0025BA4C /* MainStoryboard.storyboard */,
				2987526917948B4B0025BA4C /* ViewController.h */,
				2987526A17948B4B0025BA4C /* ViewController.m */,
				2987525517948B4B0025BA4C /* Supporting Files */,
			);
			path = CustomCalendar_V1;
			sourceTree = "<group>";
		};
		2987525517948B4B0025BA4C /* Supporting Files */ = {
			isa = PBXGroup;
			children = (
				2987525617948B4B0025BA4C /* CustomCalendar_V1-Info.plist */,
				2987525717948B4B0025BA4C /* InfoPlist.strings */,
				2987525A17948B4B0025BA4C /* main.m */,
				2987525C17948B4B0025BA4C /* CustomCalendar_V1-Prefix.pch */,
				2987526017948B4B0025BA4C /* Default.png */,
				2987526217948B4B0025BA4C /* Default@2x.png */,
				2987526417948B4B0025BA4C /* Default-568h@2x.png */,
			);
			name = "Supporting Files";
			sourceTree = "<group>";
		};
/* End PBXGroup section */

/* Begin PBXNativeTarget section */
		2987524A17948B4B0025BA4C /* CustomCalendar_V1 */ = {
			isa = PBXNativeTarget;
			buildConfigurationList = 2987526E17948B4B0025BA4C /* Build configuration list for PBXNativeTarget "CustomCalendar_V1" */;
			buildPhases = (
				2987524717948B4B0025BA4C /* Sources */,
				2987524817948B4B0025BA4C /* Frameworks */,
				2987524917948B4B0025BA4C /* Resources */,
			);
			buildRules = (
			);
			dependencies = (
			);
			name = CustomCalendar_V1;
			productName = CustomCalendar_V1;
			productReference = 2987524B17948B4B0025BA4C /* CustomCalendar_V1.app */;
			productType = "com.apple.product-type.application";
		};
/* End PBXNativeTarget section */

/* Begin PBXProject section */
		2987524317948B4B0025BA4C /* Project object */ = {
			isa = PBXProject;
			attributes = {
				LastUpgradeCheck = 0460;
				ORGANIZATIONNAME = "Sonam Dhingra";
			};
			buildConfigurationList = 2987524617948B4B0025BA4C /* Build configuration list for PBXProject "CustomCalendar_V1" */;
			compatibilityVersion = "Xcode 3.2";
			developmentRegion = English;
			hasScannedForEncodings = 0;
			knownRegions = (
				en,
			);
			mainGroup = 2987524217948B4B0025BA4C;
			productRefGroup = 2987524C17948B4B0025BA4C /* Products */;
			projectDirPath = "";
			projectRoot = "";
			targets = (
				2987524A17948B4B0025BA4C /* CustomCalendar_V1 */,
			);
		};
/* End PBXProject section */

/* Begin PBXResourcesBuildPhase section */
		2987524917948B4B0025BA4C /* Resources */ = {
			isa = PBXResourcesBuildPhase;
			buildActionMask = 2147483647;
			files = (
				2987525917948B4B0025BA4C /* InfoPlist.strings in Resources */,
				2987526117948B4B0025BA4C /* Default.png in Resources */,
				2987526317948B4B0025BA4C /* Default@2x.png in Resources */,
				2987526517948B4B0025BA4C /* Default-568h@2x.png in Resources */,
				2987526817948B4B0025BA4C /* MainStoryboard.storyboard in Resources */,
			);
			runOnlyForDeploymentPostprocessing = 0;
		};
/* End PBXResourcesBuildPhase section */

/* Begin PBXSourcesBuildPhase section */
		2987524717948B4B0025BA4C /* Sources */ = {
			isa = PBXSourcesBuildPhase;
			buildActionMask = 2147483647;
			files = (
				2987525B17948B4B0025BA4C /* main.m in Sources */,
				2987525F17948B4B0025BA4C /* AppDelegate.m in Sources */,
				2987526B17948B4B0025BA4C /* ViewController.m in Sources */,
			);
			runOnlyForDeploymentPostprocessing = 0;
		};
/* End PBXSourcesBuildPhase section */

/* Begin PBXVariantGroup section */
		2987525717948B4B0025BA4C /* InfoPlist.strings */ = {
			isa = PBXVariantGroup;
			children = (
				2987525817948B4B0025BA4C /* en */,
			);
			name = InfoPlist.strings;
			sourceTree = "<group>";
		};
		2987526617948B4B0025BA4C /* MainStoryboard.storyboard */ = {
			isa = PBXVariantGroup;
			children = (
				2987526717948B4B0025BA4C /* en */,
			);
			name = MainStoryboard.storyboard;
			sourceTree = "<group>";
		};
/* End PBXVariantGroup section */

/* Begin XCBuildConfiguration section */
		2987526C17948B4B0025BA4C /* Debug */ = {
			isa = XCBuildConfiguration;
			buildSettings = {
				ALWAYS_SEARCH_USER_PATHS = NO;
				CLANG_CXX_LANGUAGE_STANDARD = "gnu++0x";
				CLANG_CXX_LIBRARY = "libc++";
				CLANG_ENABLE_OBJC_ARC = YES;
				CLANG_WARN_CONSTANT_CONVERSION = YES;
				CLANG_WARN_EMPTY_BODY = YES;
				CLANG_WARN_ENUM_CONVERSION = YES;
				CLANG_WARN_INT_CONVERSION = YES;
				CLANG_WARN__DUPLICATE_METHOD_MATCH = YES;
				"CODE_SIGN_IDENTITY[sdk=iphoneos*]" = "iPhone Developer";
				COPY_PHASE_STRIP = NO;
				GCC_C_LANGUAGE_STANDARD = gnu99;
				GCC_DYNAMIC_NO_PIC = NO;
				GCC_OPTIMIZATION_LEVEL = 0;
				GCC_PREPROCESSOR_DEFINITIONS = (
					"DEBUG=1",
					"$(inherited)",
				);
				GCC_SYMBOLS_PRIVATE_EXTERN = NO;
				GCC_WARN_ABOUT_RETURN_TYPE = YES;
				GCC_WARN_UNINITIALIZED_AUTOS = YES;
				GCC_WARN_UNUSED_VARIABLE = YES;
				IPHONEOS_DEPLOYMENT_TARGET = 6.1;
				ONLY_ACTIVE_ARCH = YES;
				SDKROOT = iphoneos;
			};
			name = Debug;
		};
		2987526D17948B4B0025BA4C /* Release */ = {
			isa = XCBuildConfiguration;
			buildSettings = {
				ALWAYS_SEARCH_USER_PATHS = NO;
				CLANG_CXX_LANGUAGE_STANDARD = "gnu++0x";
				CLANG_CXX_LIBRARY = "libc++";
				CLANG_ENABLE_OBJC_ARC = YES;
				CLANG_WARN_CONSTANT_CONVERSION = YES;
				CLANG_WARN_EMPTY_BODY = YES;
				CLANG_WARN_ENUM_CONVERSION = YES;
				CLANG_WARN_INT_CONVERSION = YES;
				CLANG_WARN__DUPLICATE_METHOD_MATCH = YES;
				"CODE_SIGN_IDENTITY[sdk=iphoneos*]" = "iPhone Developer";
				COPY_PHASE_STRIP = YES;
				GCC_C_LANGUAGE_STANDARD = gnu99;
				GCC_WARN_ABOUT_RETURN_TYPE = YES;
				GCC_WARN_UNINITIALIZED_AUTOS = YES;
				GCC_WARN_UNUSED_VARIABLE = YES;
				IPHONEOS_DEPLOYMENT_TARGET = 6.1;
				OTHER_CFLAGS = "-DNS_BLOCK_ASSERTIONS=1";
				SDKROOT = iphoneos;
				VALIDATE_PRODUCT = YES;
			};
			name = Release;
		};
		2987526F17948B4B0025BA4C /* Debug */ = {
			isa = XCBuildConfiguration;
			buildSettings = {
				GCC_PRECOMPILE_PREFIX_HEADER = YES;
				GCC_PREFIX_HEADER = "CustomCalendar_V1/CustomCalendar_V1-Prefix.pch";
				INFOPLIST_FILE = "CustomCalendar_V1/CustomCalendar_V1-Info.plist";
				PRODUCT_NAME = "$(TARGET_NAME)";
				WRAPPER_EXTENSION = app;
			};
			name = Debug;
		};
		2987527017948B4B0025BA4C /* Release */ = {
			isa = XCBuildConfiguration;
			buildSettings = {
				GCC_PRECOMPILE_PREFIX_HEADER = YES;
				GCC_PREFIX_HEADER = "CustomCalendar_V1/CustomCalendar_V1-Prefix.pch";
				INFOPLIST_FILE = "CustomCalendar_V1/CustomCalendar_V1-Info.plist";
				PRODUCT_NAME = "$(TARGET_NAME)";
				WRAPPER_EXTENSION = app;
			};
			name = Release;
		};
/* End XCBuildConfiguration section */

/* Begin XCConfigurationList section */
		2987524617948B4B0025BA4C /* Build configuration list for PBXProject "CustomCalendar_V1" */ = {
			isa = XCConfigurationList;
			buildConfigurations = (
				2987526C17948B4B0025BA4C /* Debug */,
				2987526D17948B4B0025BA4C /* Release */,
			);
			defaultConfigurationIsVisible = 0;
			defaultConfigurationName = Release;
		};
		2987526E17948B4B0025BA4C /* Build configuration list for PBXNativeTarget "CustomCalendar_V1" */ = {
			isa = XCConfigurationList;
			buildConfigurations = (
				2987526F17948B4B0025BA4C /* Debug */,
				2987527017948B4B0025BA4C /* Release */,
			);
			defaultConfigurationIsVisible = 0;
		};
/* End XCConfigurationList section */
	};
	rootObject = 2987524317948B4B0025BA4C /* Project object */;
}
